// !$*UTF8*$!
{
	archiveVersion = 1;
	classes = {
	};
	objectVersion = 46;
	objects = {

/* Begin PBXBuildFile section */
		340ED4401CFCE8B300609428 /* YelpClient.m in Sources */ = {isa = PBXBuildFile; fileRef = 340ED43F1CFCE8B300609428 /* YelpClient.m */; };
		342745B21CFF6CC200CD2452 /* Food Cats - Sheet1.csv in Resources */ = {isa = PBXBuildFile; fileRef = 342745B11CFF6CC200CD2452 /* Food Cats - Sheet1.csv */; };
		342745B61CFF746B00CD2452 /* ParseData.swift in Sources */ = {isa = PBXBuildFile; fileRef = 342745B51CFF746B00CD2452 /* ParseData.swift */; };
		342745D41CFFC01500CD2452 /* TempRestaurant.m in Sources */ = {isa = PBXBuildFile; fileRef = 342745D31CFFC01500CD2452 /* TempRestaurant.m */; };
		342745DD1CFFD22A00CD2452 /* Filter+CoreDataProperties.m in Sources */ = {isa = PBXBuildFile; fileRef = 342745D61CFFD22A00CD2452 /* Filter+CoreDataProperties.m */; };
		342745DE1CFFD22A00CD2452 /* Filter.m in Sources */ = {isa = PBXBuildFile; fileRef = 342745D81CFFD22A00CD2452 /* Filter.m */; };
		342745DF1CFFD22A00CD2452 /* MNCCategory+CoreDataProperties.m in Sources */ = {isa = PBXBuildFile; fileRef = 342745DA1CFFD22A00CD2452 /* MNCCategory+CoreDataProperties.m */; };
		342745E01CFFD22A00CD2452 /* MNCCategory.m in Sources */ = {isa = PBXBuildFile; fileRef = 342745DC1CFFD22A00CD2452 /* MNCCategory.m */; };
		34E8E4E51D00AC7100F9D306 /* Restaurant+CoreDataProperties.m in Sources */ = {isa = PBXBuildFile; fileRef = 34E8E4E21D00AC7100F9D306 /* Restaurant+CoreDataProperties.m */; };
		34E8E4E61D00AC7100F9D306 /* Restaurant.m in Sources */ = {isa = PBXBuildFile; fileRef = 34E8E4E41D00AC7100F9D306 /* Restaurant.m */; };
		582A10CD1CFCBC0500BE7493 /* RestaurantCardView.m in Sources */ = {isa = PBXBuildFile; fileRef = 582A10CC1CFCBC0500BE7493 /* RestaurantCardView.m */; };
		582A10D11CFCC5E700BE7493 /* RestaurantCardViewOverlay.m in Sources */ = {isa = PBXBuildFile; fileRef = 582A10D01CFCC5E700BE7493 /* RestaurantCardViewOverlay.m */; };
		582A10D41CFCDF1D00BE7493 /* RestaurantCardFactory.m in Sources */ = {isa = PBXBuildFile; fileRef = 582A10D31CFCDF1D00BE7493 /* RestaurantCardFactory.m */; };
		582A11071CFD1FC800BE7493 /* APIKeys.m in Sources */ = {isa = PBXBuildFile; fileRef = 582A11061CFD1FC800BE7493 /* APIKeys.m */; };
		582A11081CFD219700BE7493 /* ViewController.m in Sources */ = {isa = PBXBuildFile; fileRef = 77B535251CFCB99A004C0A5E /* ViewController.m */; };
		7724961D1CFD15D200F7972B /* Deal+CoreDataProperties.m in Sources */ = {isa = PBXBuildFile; fileRef = 772496081CFD15D200F7972B /* Deal+CoreDataProperties.m */; };
		7724961E1CFD15D200F7972B /* Deal.m in Sources */ = {isa = PBXBuildFile; fileRef = 7724960A1CFD15D200F7972B /* Deal.m */; };
		7724961F1CFD15D200F7972B /* UserSettings+CoreDataProperties.m in Sources */ = {isa = PBXBuildFile; fileRef = 7724960C1CFD15D200F7972B /* UserSettings+CoreDataProperties.m */; };
		772496201CFD15D200F7972B /* UserSettings.m in Sources */ = {isa = PBXBuildFile; fileRef = 7724960E1CFD15D200F7972B /* UserSettings.m */; };
		772496231CFD15D200F7972B /* Image+CoreDataProperties.m in Sources */ = {isa = PBXBuildFile; fileRef = 772496141CFD15D200F7972B /* Image+CoreDataProperties.m */; };
		772496241CFD15D200F7972B /* Image.m in Sources */ = {isa = PBXBuildFile; fileRef = 772496161CFD15D200F7972B /* Image.m */; };
		773935A31CFE26470046ECEC /* HomeViewController.m in Sources */ = {isa = PBXBuildFile; fileRef = 773935A21CFE26470046ECEC /* HomeViewController.m */; };
		773935A61CFE35A30046ECEC /* SettingsViewController.m in Sources */ = {isa = PBXBuildFile; fileRef = 773935A51CFE35A30046ECEC /* SettingsViewController.m */; };
		777B739B1CFF85A600623DFE /* CategoryCell.m in Sources */ = {isa = PBXBuildFile; fileRef = 777B739A1CFF85A600623DFE /* CategoryCell.m */; };
		777B73A11CFFA87400623DFE /* DetailViewController.m in Sources */ = {isa = PBXBuildFile; fileRef = 777B73A01CFFA87400623DFE /* DetailViewController.m */; };
		777B73A41CFFBFB300623DFE /* ContainerClassViewController.m in Sources */ = {isa = PBXBuildFile; fileRef = 777B73A31CFFBFB300623DFE /* ContainerClassViewController.m */; };
		777B73A61CFFC2DF00623DFE /* MapKit.framework in Frameworks */ = {isa = PBXBuildFile; fileRef = 777B73A51CFFC2DF00623DFE /* MapKit.framework */; };
		77AFACC71CFD7B4C001850AC /* MunchViewController.m in Sources */ = {isa = PBXBuildFile; fileRef = 77AFACC61CFD7B4C001850AC /* MunchViewController.m */; };
		77B382991CFF582400FED4DC /* FilterView.m in Sources */ = {isa = PBXBuildFile; fileRef = 77B382981CFF582400FED4DC /* FilterView.m */; };
		77B535201CFCB99A004C0A5E /* main.m in Sources */ = {isa = PBXBuildFile; fileRef = 77B5351F1CFCB99A004C0A5E /* main.m */; };
		77B535231CFCB99A004C0A5E /* AppDelegate.m in Sources */ = {isa = PBXBuildFile; fileRef = 77B535221CFCB99A004C0A5E /* AppDelegate.m */; };
		77B535291CFCB99A004C0A5E /* Main.storyboard in Resources */ = {isa = PBXBuildFile; fileRef = 77B535271CFCB99A004C0A5E /* Main.storyboard */; };
		77B5352C1CFCB99A004C0A5E /* Munch.xcdatamodeld in Sources */ = {isa = PBXBuildFile; fileRef = 77B5352A1CFCB99A004C0A5E /* Munch.xcdatamodeld */; };
		77B5352E1CFCB99A004C0A5E /* Assets.xcassets in Resources */ = {isa = PBXBuildFile; fileRef = 77B5352D1CFCB99A004C0A5E /* Assets.xcassets */; };
		77B535311CFCB99A004C0A5E /* LaunchScreen.storyboard in Resources */ = {isa = PBXBuildFile; fileRef = 77B5352F1CFCB99A004C0A5E /* LaunchScreen.storyboard */; };
		77B535391CFCB9BD004C0A5E /* CoreData.framework in Frameworks */ = {isa = PBXBuildFile; fileRef = 77B535381CFCB9BD004C0A5E /* CoreData.framework */; };
		C613BC975401119C8F89B38B /* Pods_Munch.framework in Frameworks */ = {isa = PBXBuildFile; fileRef = 75256FEAF675B6CE308BC748 /* Pods_Munch.framework */; };
/* End PBXBuildFile section */

/* Begin PBXCopyFilesBuildPhase section */
		340ED43D1CFCE15800609428 /* Embed Frameworks */ = {
			isa = PBXCopyFilesBuildPhase;
			buildActionMask = 2147483647;
			dstPath = "";
			dstSubfolderSpec = 10;
			files = (
			);
			name = "Embed Frameworks";
			runOnlyForDeploymentPostprocessing = 0;
		};
/* End PBXCopyFilesBuildPhase section */

/* Begin PBXFileReference section */
		340ED4301CFCC6E800609428 /* APIKeys.h */ = {isa = PBXFileReference; fileEncoding = 4; lastKnownFileType = sourcecode.c.h; path = APIKeys.h; sourceTree = "<group>"; };
		340ED43E1CFCE8B300609428 /* YelpClient.h */ = {isa = PBXFileReference; fileEncoding = 4; lastKnownFileType = sourcecode.c.h; path = YelpClient.h; sourceTree = "<group>"; };
		340ED43F1CFCE8B300609428 /* YelpClient.m */ = {isa = PBXFileReference; fileEncoding = 4; lastKnownFileType = sourcecode.c.objc; path = YelpClient.m; sourceTree = "<group>"; };
		342745AE1CFF6C6000CD2452 /* Munch-Bridging-Header.h */ = {isa = PBXFileReference; lastKnownFileType = sourcecode.c.h; path = "Munch-Bridging-Header.h"; sourceTree = "<group>"; };
		342745B11CFF6CC200CD2452 /* Food Cats - Sheet1.csv */ = {isa = PBXFileReference; fileEncoding = 4; lastKnownFileType = text; path = "Food Cats - Sheet1.csv"; sourceTree = "<group>"; };
		342745B51CFF746B00CD2452 /* ParseData.swift */ = {isa = PBXFileReference; fileEncoding = 4; lastKnownFileType = sourcecode.swift; path = ParseData.swift; sourceTree = "<group>"; };
		342745D21CFFC01500CD2452 /* TempRestaurant.h */ = {isa = PBXFileReference; fileEncoding = 4; lastKnownFileType = sourcecode.c.h; path = TempRestaurant.h; sourceTree = "<group>"; };
		342745D31CFFC01500CD2452 /* TempRestaurant.m */ = {isa = PBXFileReference; fileEncoding = 4; lastKnownFileType = sourcecode.c.objc; path = TempRestaurant.m; sourceTree = "<group>"; };
		342745D51CFFD22A00CD2452 /* Filter+CoreDataProperties.h */ = {isa = PBXFileReference; fileEncoding = 4; lastKnownFileType = sourcecode.c.h; path = "Filter+CoreDataProperties.h"; sourceTree = "<group>"; };
		342745D61CFFD22A00CD2452 /* Filter+CoreDataProperties.m */ = {isa = PBXFileReference; fileEncoding = 4; lastKnownFileType = sourcecode.c.objc; path = "Filter+CoreDataProperties.m"; sourceTree = "<group>"; };
		342745D71CFFD22A00CD2452 /* Filter.h */ = {isa = PBXFileReference; fileEncoding = 4; lastKnownFileType = sourcecode.c.h; path = Filter.h; sourceTree = "<group>"; };
		342745D81CFFD22A00CD2452 /* Filter.m */ = {isa = PBXFileReference; fileEncoding = 4; lastKnownFileType = sourcecode.c.objc; path = Filter.m; sourceTree = "<group>"; };
		342745D91CFFD22A00CD2452 /* MNCCategory+CoreDataProperties.h */ = {isa = PBXFileReference; fileEncoding = 4; lastKnownFileType = sourcecode.c.h; path = "MNCCategory+CoreDataProperties.h"; sourceTree = "<group>"; };
		342745DA1CFFD22A00CD2452 /* MNCCategory+CoreDataProperties.m */ = {isa = PBXFileReference; fileEncoding = 4; lastKnownFileType = sourcecode.c.objc; path = "MNCCategory+CoreDataProperties.m"; sourceTree = "<group>"; };
		342745DB1CFFD22A00CD2452 /* MNCCategory.h */ = {isa = PBXFileReference; fileEncoding = 4; lastKnownFileType = sourcecode.c.h; path = MNCCategory.h; sourceTree = "<group>"; };
		342745DC1CFFD22A00CD2452 /* MNCCategory.m */ = {isa = PBXFileReference; fileEncoding = 4; lastKnownFileType = sourcecode.c.objc; path = MNCCategory.m; sourceTree = "<group>"; };
		34E8E4E11D00AC7100F9D306 /* Restaurant+CoreDataProperties.h */ = {isa = PBXFileReference; fileEncoding = 4; lastKnownFileType = sourcecode.c.h; path = "Restaurant+CoreDataProperties.h"; sourceTree = "<group>"; };
		34E8E4E21D00AC7100F9D306 /* Restaurant+CoreDataProperties.m */ = {isa = PBXFileReference; fileEncoding = 4; lastKnownFileType = sourcecode.c.objc; path = "Restaurant+CoreDataProperties.m"; sourceTree = "<group>"; };
		34E8E4E31D00AC7100F9D306 /* Restaurant.h */ = {isa = PBXFileReference; fileEncoding = 4; lastKnownFileType = sourcecode.c.h; path = Restaurant.h; sourceTree = "<group>"; };
		34E8E4E41D00AC7100F9D306 /* Restaurant.m */ = {isa = PBXFileReference; fileEncoding = 4; lastKnownFileType = sourcecode.c.objc; path = Restaurant.m; sourceTree = "<group>"; };
		582A10CB1CFCBC0500BE7493 /* RestaurantCardView.h */ = {isa = PBXFileReference; fileEncoding = 4; lastKnownFileType = sourcecode.c.h; name = RestaurantCardView.h; path = ../RestaurantCardView.h; sourceTree = "<group>"; };
		582A10CC1CFCBC0500BE7493 /* RestaurantCardView.m */ = {isa = PBXFileReference; fileEncoding = 4; lastKnownFileType = sourcecode.c.objc; name = RestaurantCardView.m; path = ../RestaurantCardView.m; sourceTree = "<group>"; };
		582A10CF1CFCC5E700BE7493 /* RestaurantCardViewOverlay.h */ = {isa = PBXFileReference; fileEncoding = 4; lastKnownFileType = sourcecode.c.h; path = RestaurantCardViewOverlay.h; sourceTree = "<group>"; };
		582A10D01CFCC5E700BE7493 /* RestaurantCardViewOverlay.m */ = {isa = PBXFileReference; fileEncoding = 4; lastKnownFileType = sourcecode.c.objc; path = RestaurantCardViewOverlay.m; sourceTree = "<group>"; };
		582A10D21CFCDF1D00BE7493 /* RestaurantCardFactory.h */ = {isa = PBXFileReference; fileEncoding = 4; lastKnownFileType = sourcecode.c.h; path = RestaurantCardFactory.h; sourceTree = "<group>"; };
		582A10D31CFCDF1D00BE7493 /* RestaurantCardFactory.m */ = {isa = PBXFileReference; fileEncoding = 4; lastKnownFileType = sourcecode.c.objc; path = RestaurantCardFactory.m; sourceTree = "<group>"; };
		582A11061CFD1FC800BE7493 /* APIKeys.m */ = {isa = PBXFileReference; fileEncoding = 4; lastKnownFileType = sourcecode.c.objc; path = APIKeys.m; sourceTree = "<group>"; };
		75256FEAF675B6CE308BC748 /* Pods_Munch.framework */ = {isa = PBXFileReference; explicitFileType = wrapper.framework; includeInIndex = 0; path = Pods_Munch.framework; sourceTree = BUILT_PRODUCTS_DIR; };
		772496071CFD15D200F7972B /* Deal+CoreDataProperties.h */ = {isa = PBXFileReference; fileEncoding = 4; lastKnownFileType = sourcecode.c.h; path = "Deal+CoreDataProperties.h"; sourceTree = "<group>"; };
		772496081CFD15D200F7972B /* Deal+CoreDataProperties.m */ = {isa = PBXFileReference; fileEncoding = 4; lastKnownFileType = sourcecode.c.objc; path = "Deal+CoreDataProperties.m"; sourceTree = "<group>"; };
		772496091CFD15D200F7972B /* Deal.h */ = {isa = PBXFileReference; fileEncoding = 4; lastKnownFileType = sourcecode.c.h; path = Deal.h; sourceTree = "<group>"; };
		7724960A1CFD15D200F7972B /* Deal.m */ = {isa = PBXFileReference; fileEncoding = 4; lastKnownFileType = sourcecode.c.objc; path = Deal.m; sourceTree = "<group>"; };
		7724960B1CFD15D200F7972B /* UserSettings+CoreDataProperties.h */ = {isa = PBXFileReference; fileEncoding = 4; lastKnownFileType = sourcecode.c.h; path = "UserSettings+CoreDataProperties.h"; sourceTree = "<group>"; };
		7724960C1CFD15D200F7972B /* UserSettings+CoreDataProperties.m */ = {isa = PBXFileReference; fileEncoding = 4; lastKnownFileType = sourcecode.c.objc; path = "UserSettings+CoreDataProperties.m"; sourceTree = "<group>"; };
		7724960D1CFD15D200F7972B /* UserSettings.h */ = {isa = PBXFileReference; fileEncoding = 4; lastKnownFileType = sourcecode.c.h; path = UserSettings.h; sourceTree = "<group>"; };
		7724960E1CFD15D200F7972B /* UserSettings.m */ = {isa = PBXFileReference; fileEncoding = 4; lastKnownFileType = sourcecode.c.objc; path = UserSettings.m; sourceTree = "<group>"; };
		772496131CFD15D200F7972B /* Image+CoreDataProperties.h */ = {isa = PBXFileReference; fileEncoding = 4; lastKnownFileType = sourcecode.c.h; path = "Image+CoreDataProperties.h"; sourceTree = "<group>"; };
		772496141CFD15D200F7972B /* Image+CoreDataProperties.m */ = {isa = PBXFileReference; fileEncoding = 4; lastKnownFileType = sourcecode.c.objc; path = "Image+CoreDataProperties.m"; sourceTree = "<group>"; };
		772496151CFD15D200F7972B /* Image.h */ = {isa = PBXFileReference; fileEncoding = 4; lastKnownFileType = sourcecode.c.h; path = Image.h; sourceTree = "<group>"; };
		772496161CFD15D200F7972B /* Image.m */ = {isa = PBXFileReference; fileEncoding = 4; lastKnownFileType = sourcecode.c.objc; path = Image.m; sourceTree = "<group>"; };
		773935A11CFE26470046ECEC /* HomeViewController.h */ = {isa = PBXFileReference; fileEncoding = 4; lastKnownFileType = sourcecode.c.h; path = HomeViewController.h; sourceTree = "<group>"; };
		773935A21CFE26470046ECEC /* HomeViewController.m */ = {isa = PBXFileReference; fileEncoding = 4; lastKnownFileType = sourcecode.c.objc; path = HomeViewController.m; sourceTree = "<group>"; };
		773935A41CFE35A30046ECEC /* SettingsViewController.h */ = {isa = PBXFileReference; fileEncoding = 4; lastKnownFileType = sourcecode.c.h; path = SettingsViewController.h; sourceTree = "<group>"; };
		773935A51CFE35A30046ECEC /* SettingsViewController.m */ = {isa = PBXFileReference; fileEncoding = 4; lastKnownFileType = sourcecode.c.objc; path = SettingsViewController.m; sourceTree = "<group>"; };
		777B73991CFF85A600623DFE /* CategoryCell.h */ = {isa = PBXFileReference; fileEncoding = 4; lastKnownFileType = sourcecode.c.h; path = CategoryCell.h; sourceTree = "<group>"; };
		777B739A1CFF85A600623DFE /* CategoryCell.m */ = {isa = PBXFileReference; fileEncoding = 4; lastKnownFileType = sourcecode.c.objc; path = CategoryCell.m; sourceTree = "<group>"; };
		777B739F1CFFA87400623DFE /* DetailViewController.h */ = {isa = PBXFileReference; fileEncoding = 4; lastKnownFileType = sourcecode.c.h; path = DetailViewController.h; sourceTree = "<group>"; };
		777B73A01CFFA87400623DFE /* DetailViewController.m */ = {isa = PBXFileReference; fileEncoding = 4; lastKnownFileType = sourcecode.c.objc; path = DetailViewController.m; sourceTree = "<group>"; };
		777B73A21CFFBFB300623DFE /* ContainerClassViewController.h */ = {isa = PBXFileReference; fileEncoding = 4; lastKnownFileType = sourcecode.c.h; path = ContainerClassViewController.h; sourceTree = "<group>"; };
		777B73A31CFFBFB300623DFE /* ContainerClassViewController.m */ = {isa = PBXFileReference; fileEncoding = 4; lastKnownFileType = sourcecode.c.objc; path = ContainerClassViewController.m; sourceTree = "<group>"; };
		777B73A51CFFC2DF00623DFE /* MapKit.framework */ = {isa = PBXFileReference; lastKnownFileType = wrapper.framework; name = MapKit.framework; path = System/Library/Frameworks/MapKit.framework; sourceTree = SDKROOT; };
		77AFACC51CFD7B4C001850AC /* MunchViewController.h */ = {isa = PBXFileReference; fileEncoding = 4; lastKnownFileType = sourcecode.c.h; path = MunchViewController.h; sourceTree = "<group>"; };
		77AFACC61CFD7B4C001850AC /* MunchViewController.m */ = {isa = PBXFileReference; fileEncoding = 4; lastKnownFileType = sourcecode.c.objc; path = MunchViewController.m; sourceTree = "<group>"; };
		77B382971CFF582400FED4DC /* FilterView.h */ = {isa = PBXFileReference; fileEncoding = 4; lastKnownFileType = sourcecode.c.h; path = FilterView.h; sourceTree = "<group>"; };
		77B382981CFF582400FED4DC /* FilterView.m */ = {isa = PBXFileReference; fileEncoding = 4; lastKnownFileType = sourcecode.c.objc; path = FilterView.m; sourceTree = "<group>"; };
		77B5351B1CFCB99A004C0A5E /* Munch.app */ = {isa = PBXFileReference; explicitFileType = wrapper.application; includeInIndex = 0; path = Munch.app; sourceTree = BUILT_PRODUCTS_DIR; };
		77B5351F1CFCB99A004C0A5E /* main.m */ = {isa = PBXFileReference; lastKnownFileType = sourcecode.c.objc; path = main.m; sourceTree = "<group>"; };
		77B535211CFCB99A004C0A5E /* AppDelegate.h */ = {isa = PBXFileReference; lastKnownFileType = sourcecode.c.h; path = AppDelegate.h; sourceTree = "<group>"; };
		77B535221CFCB99A004C0A5E /* AppDelegate.m */ = {isa = PBXFileReference; lastKnownFileType = sourcecode.c.objc; path = AppDelegate.m; sourceTree = "<group>"; };
		77B535241CFCB99A004C0A5E /* ViewController.h */ = {isa = PBXFileReference; lastKnownFileType = sourcecode.c.h; path = ViewController.h; sourceTree = "<group>"; };
		77B535251CFCB99A004C0A5E /* ViewController.m */ = {isa = PBXFileReference; lastKnownFileType = sourcecode.c.objc; path = ViewController.m; sourceTree = "<group>"; };
		77B535281CFCB99A004C0A5E /* Base */ = {isa = PBXFileReference; lastKnownFileType = file.storyboard; name = Base; path = Base.lproj/Main.storyboard; sourceTree = "<group>"; };
		77B5352B1CFCB99A004C0A5E /* Munch.xcdatamodel */ = {isa = PBXFileReference; lastKnownFileType = wrapper.xcdatamodel; path = Munch.xcdatamodel; sourceTree = "<group>"; };
		77B5352D1CFCB99A004C0A5E /* Assets.xcassets */ = {isa = PBXFileReference; lastKnownFileType = folder.assetcatalog; path = Assets.xcassets; sourceTree = "<group>"; };
		77B535301CFCB99A004C0A5E /* Base */ = {isa = PBXFileReference; lastKnownFileType = file.storyboard; name = Base; path = Base.lproj/LaunchScreen.storyboard; sourceTree = "<group>"; };
		77B535321CFCB99A004C0A5E /* Info.plist */ = {isa = PBXFileReference; lastKnownFileType = text.plist.xml; path = Info.plist; sourceTree = "<group>"; };
		77B535381CFCB9BD004C0A5E /* CoreData.framework */ = {isa = PBXFileReference; lastKnownFileType = wrapper.framework; name = CoreData.framework; path = System/Library/Frameworks/CoreData.framework; sourceTree = SDKROOT; };
		B1B63C3A3A0F20B9B59442EB /* Pods-Munch.debug.xcconfig */ = {isa = PBXFileReference; includeInIndex = 1; lastKnownFileType = text.xcconfig; name = "Pods-Munch.debug.xcconfig"; path = "Pods/Target Support Files/Pods-Munch/Pods-Munch.debug.xcconfig"; sourceTree = "<group>"; };
		C75E06893D705B4BF4EF6DAD /* Pods-Munch.release.xcconfig */ = {isa = PBXFileReference; includeInIndex = 1; lastKnownFileType = text.xcconfig; name = "Pods-Munch.release.xcconfig"; path = "Pods/Target Support Files/Pods-Munch/Pods-Munch.release.xcconfig"; sourceTree = "<group>"; };
/* End PBXFileReference section */

/* Begin PBXFrameworksBuildPhase section */
		77B535181CFCB99A004C0A5E /* Frameworks */ = {
			isa = PBXFrameworksBuildPhase;
			buildActionMask = 2147483647;
			files = (
				777B73A61CFFC2DF00623DFE /* MapKit.framework in Frameworks */,
				77B535391CFCB9BD004C0A5E /* CoreData.framework in Frameworks */,
				C613BC975401119C8F89B38B /* Pods_Munch.framework in Frameworks */,
			);
			runOnlyForDeploymentPostprocessing = 0;
		};
/* End PBXFrameworksBuildPhase section */

/* Begin PBXGroup section */
		582A10CE1CFCBC8500BE7493 /* Swipe Cards */ = {
			isa = PBXGroup;
			children = (
				582A10CB1CFCBC0500BE7493 /* RestaurantCardView.h */,
				582A10CC1CFCBC0500BE7493 /* RestaurantCardView.m */,
				582A10CF1CFCC5E700BE7493 /* RestaurantCardViewOverlay.h */,
				582A10D01CFCC5E700BE7493 /* RestaurantCardViewOverlay.m */,
				582A10D21CFCDF1D00BE7493 /* RestaurantCardFactory.h */,
				582A10D31CFCDF1D00BE7493 /* RestaurantCardFactory.m */,
			);
			name = "Swipe Cards";
			sourceTree = "<group>";
		};
		772496271CFD15E900F7972B /* Model */ = {
			isa = PBXGroup;
			children = (
				34E8E4E11D00AC7100F9D306 /* Restaurant+CoreDataProperties.h */,
				34E8E4E21D00AC7100F9D306 /* Restaurant+CoreDataProperties.m */,
				34E8E4E31D00AC7100F9D306 /* Restaurant.h */,
				34E8E4E41D00AC7100F9D306 /* Restaurant.m */,
				342745D51CFFD22A00CD2452 /* Filter+CoreDataProperties.h */,
				342745D61CFFD22A00CD2452 /* Filter+CoreDataProperties.m */,
				342745D71CFFD22A00CD2452 /* Filter.h */,
				342745D81CFFD22A00CD2452 /* Filter.m */,
				342745D91CFFD22A00CD2452 /* MNCCategory+CoreDataProperties.h */,
				342745DA1CFFD22A00CD2452 /* MNCCategory+CoreDataProperties.m */,
				342745DB1CFFD22A00CD2452 /* MNCCategory.h */,
				342745DC1CFFD22A00CD2452 /* MNCCategory.m */,
				772496071CFD15D200F7972B /* Deal+CoreDataProperties.h */,
				772496081CFD15D200F7972B /* Deal+CoreDataProperties.m */,
				772496091CFD15D200F7972B /* Deal.h */,
				7724960A1CFD15D200F7972B /* Deal.m */,
				7724960B1CFD15D200F7972B /* UserSettings+CoreDataProperties.h */,
				7724960C1CFD15D200F7972B /* UserSettings+CoreDataProperties.m */,
				7724960D1CFD15D200F7972B /* UserSettings.h */,
				7724960E1CFD15D200F7972B /* UserSettings.m */,
				772496131CFD15D200F7972B /* Image+CoreDataProperties.h */,
				772496141CFD15D200F7972B /* Image+CoreDataProperties.m */,
				772496151CFD15D200F7972B /* Image.h */,
				772496161CFD15D200F7972B /* Image.m */,
			);
			name = Model;
			sourceTree = "<group>";
		};
		77B535121CFCB99A004C0A5E = {
			isa = PBXGroup;
			children = (
				77B535381CFCB9BD004C0A5E /* CoreData.framework */,
				77B5351D1CFCB99A004C0A5E /* Munch */,
				77B5351C1CFCB99A004C0A5E /* Products */,
				FDB227BC53CF205C5F3AD544 /* Pods */,
				ECA64AAB12B3221B52291B48 /* Frameworks */,
			);
			sourceTree = "<group>";
		};
		77B5351C1CFCB99A004C0A5E /* Products */ = {
			isa = PBXGroup;
			children = (
				77B5351B1CFCB99A004C0A5E /* Munch.app */,
			);
			name = Products;
			sourceTree = "<group>";
		};
		77B5351D1CFCB99A004C0A5E /* Munch */ = {
			isa = PBXGroup;
			children = (
				772496271CFD15E900F7972B /* Model */,
				77B535211CFCB99A004C0A5E /* AppDelegate.h */,
				77B535221CFCB99A004C0A5E /* AppDelegate.m */,
				77B535241CFCB99A004C0A5E /* ViewController.h */,
				77B535251CFCB99A004C0A5E /* ViewController.m */,
				340ED4301CFCC6E800609428 /* APIKeys.h */,
				582A11061CFD1FC800BE7493 /* APIKeys.m */,
				340ED43E1CFCE8B300609428 /* YelpClient.h */,
				340ED43F1CFCE8B300609428 /* YelpClient.m */,
				773935A41CFE35A30046ECEC /* SettingsViewController.h */,
				773935A51CFE35A30046ECEC /* SettingsViewController.m */,
				777B739F1CFFA87400623DFE /* DetailViewController.h */,
				777B73A01CFFA87400623DFE /* DetailViewController.m */,
				773935A11CFE26470046ECEC /* HomeViewController.h */,
				773935A21CFE26470046ECEC /* HomeViewController.m */,
				77B382971CFF582400FED4DC /* FilterView.h */,
				77B382981CFF582400FED4DC /* FilterView.m */,
				777B73991CFF85A600623DFE /* CategoryCell.h */,
				777B739A1CFF85A600623DFE /* CategoryCell.m */,
				777B73A21CFFBFB300623DFE /* ContainerClassViewController.h */,
				777B73A31CFFBFB300623DFE /* ContainerClassViewController.m */,
				77AFACC51CFD7B4C001850AC /* MunchViewController.h */,
				77AFACC61CFD7B4C001850AC /* MunchViewController.m */,
				582A10CE1CFCBC8500BE7493 /* Swipe Cards */,
				77B5352D1CFCB99A004C0A5E /* Assets.xcassets */,
				77B535271CFCB99A004C0A5E /* Main.storyboard */,
				342745D21CFFC01500CD2452 /* TempRestaurant.h */,
				342745D31CFFC01500CD2452 /* TempRestaurant.m */,
				77B535321CFCB99A004C0A5E /* Info.plist */,
				77B5352A1CFCB99A004C0A5E /* Munch.xcdatamodeld */,
				77B5352F1CFCB99A004C0A5E /* LaunchScreen.storyboard */,
				77B5351E1CFCB99A004C0A5E /* Supporting Files */,
				342745B51CFF746B00CD2452 /* ParseData.swift */,
				342745AE1CFF6C6000CD2452 /* Munch-Bridging-Header.h */,
				342745B11CFF6CC200CD2452 /* Food Cats - Sheet1.csv */,
			);
			path = Munch;
			sourceTree = "<group>";
		};
		77B5351E1CFCB99A004C0A5E /* Supporting Files */ = {
			isa = PBXGroup;
			children = (
				77B5351F1CFCB99A004C0A5E /* main.m */,
			);
			name = "Supporting Files";
			sourceTree = "<group>";
		};
		ECA64AAB12B3221B52291B48 /* Frameworks */ = {
			isa = PBXGroup;
			children = (
				777B73A51CFFC2DF00623DFE /* MapKit.framework */,
				75256FEAF675B6CE308BC748 /* Pods_Munch.framework */,
			);
			name = Frameworks;
			sourceTree = "<group>";
		};
		FDB227BC53CF205C5F3AD544 /* Pods */ = {
			isa = PBXGroup;
			children = (
				B1B63C3A3A0F20B9B59442EB /* Pods-Munch.debug.xcconfig */,
				C75E06893D705B4BF4EF6DAD /* Pods-Munch.release.xcconfig */,
			);
			name = Pods;
			sourceTree = "<group>";
		};
/* End PBXGroup section */

/* Begin PBXNativeTarget section */
		77B5351A1CFCB99A004C0A5E /* Munch */ = {
			isa = PBXNativeTarget;
			buildConfigurationList = 77B535351CFCB99A004C0A5E /* Build configuration list for PBXNativeTarget "Munch" */;
			buildPhases = (
				95796D9E235B5C684C79DA44 /* 📦 Check Pods Manifest.lock */,
				77B535171CFCB99A004C0A5E /* Sources */,
				77B535181CFCB99A004C0A5E /* Frameworks */,
				77B535191CFCB99A004C0A5E /* Resources */,
				340ED43D1CFCE15800609428 /* Embed Frameworks */,
				95843B605EDF6E814D8D310B /* 📦 Embed Pods Frameworks */,
				49D0DCDEA46E38CCA130A073 /* 📦 Copy Pods Resources */,
			);
			buildRules = (
			);
			dependencies = (
			);
			name = Munch;
			productName = Munch;
			productReference = 77B5351B1CFCB99A004C0A5E /* Munch.app */;
			productType = "com.apple.product-type.application";
		};
/* End PBXNativeTarget section */

/* Begin PBXProject section */
		77B535131CFCB99A004C0A5E /* Project object */ = {
			isa = PBXProject;
			attributes = {
				LastUpgradeCheck = 0730;
				ORGANIZATIONNAME = "Enoch Ng";
				TargetAttributes = {
					77B5351A1CFCB99A004C0A5E = {
						CreatedOnToolsVersion = 7.3;
						DevelopmentTeam = F9TL8X93F7;
					};
				};
			};
			buildConfigurationList = 77B535161CFCB99A004C0A5E /* Build configuration list for PBXProject "Munch" */;
			compatibilityVersion = "Xcode 3.2";
			developmentRegion = English;
			hasScannedForEncodings = 0;
			knownRegions = (
				en,
				Base,
			);
			mainGroup = 77B535121CFCB99A004C0A5E;
			productRefGroup = 77B5351C1CFCB99A004C0A5E /* Products */;
			projectDirPath = "";
			projectRoot = "";
			targets = (
				77B5351A1CFCB99A004C0A5E /* Munch */,
			);
		};
/* End PBXProject section */

/* Begin PBXResourcesBuildPhase section */
		77B535191CFCB99A004C0A5E /* Resources */ = {
			isa = PBXResourcesBuildPhase;
			buildActionMask = 2147483647;
			files = (
				77B535311CFCB99A004C0A5E /* LaunchScreen.storyboard in Resources */,
				77B5352E1CFCB99A004C0A5E /* Assets.xcassets in Resources */,
				342745B21CFF6CC200CD2452 /* Food Cats - Sheet1.csv in Resources */,
				77B535291CFCB99A004C0A5E /* Main.storyboard in Resources */,
			);
			runOnlyForDeploymentPostprocessing = 0;
		};
/* End PBXResourcesBuildPhase section */

/* Begin PBXShellScriptBuildPhase section */
		49D0DCDEA46E38CCA130A073 /* 📦 Copy Pods Resources */ = {
			isa = PBXShellScriptBuildPhase;
			buildActionMask = 2147483647;
			files = (
			);
			inputPaths = (
			);
			name = "📦 Copy Pods Resources";
			outputPaths = (
			);
			runOnlyForDeploymentPostprocessing = 0;
			shellPath = /bin/sh;
			shellScript = "\"${SRCROOT}/Pods/Target Support Files/Pods-Munch/Pods-Munch-resources.sh\"\n";
			showEnvVarsInLog = 0;
		};
		95796D9E235B5C684C79DA44 /* 📦 Check Pods Manifest.lock */ = {
			isa = PBXShellScriptBuildPhase;
			buildActionMask = 2147483647;
			files = (
			);
			inputPaths = (
			);
			name = "📦 Check Pods Manifest.lock";
			outputPaths = (
			);
			runOnlyForDeploymentPostprocessing = 0;
			shellPath = /bin/sh;
			shellScript = "diff \"${PODS_ROOT}/../Podfile.lock\" \"${PODS_ROOT}/Manifest.lock\" > /dev/null\nif [[ $? != 0 ]] ; then\n    cat << EOM\nerror: The sandbox is not in sync with the Podfile.lock. Run 'pod install' or update your CocoaPods installation.\nEOM\n    exit 1\nfi\n";
			showEnvVarsInLog = 0;
		};
		95843B605EDF6E814D8D310B /* 📦 Embed Pods Frameworks */ = {
			isa = PBXShellScriptBuildPhase;
			buildActionMask = 2147483647;
			files = (
			);
			inputPaths = (
			);
			name = "📦 Embed Pods Frameworks";
			outputPaths = (
			);
			runOnlyForDeploymentPostprocessing = 0;
			shellPath = /bin/sh;
			shellScript = "\"${SRCROOT}/Pods/Target Support Files/Pods-Munch/Pods-Munch-frameworks.sh\"\n";
			showEnvVarsInLog = 0;
		};
/* End PBXShellScriptBuildPhase section */

/* Begin PBXSourcesBuildPhase section */
		77B535171CFCB99A004C0A5E /* Sources */ = {
			isa = PBXSourcesBuildPhase;
			buildActionMask = 2147483647;
			files = (
				582A11081CFD219700BE7493 /* ViewController.m in Sources */,
				582A10CD1CFCBC0500BE7493 /* RestaurantCardView.m in Sources */,
				582A10D11CFCC5E700BE7493 /* RestaurantCardViewOverlay.m in Sources */,
				773935A61CFE35A30046ECEC /* SettingsViewController.m in Sources */,
				772496231CFD15D200F7972B /* Image+CoreDataProperties.m in Sources */,
				777B739B1CFF85A600623DFE /* CategoryCell.m in Sources */,
				77B5352C1CFCB99A004C0A5E /* Munch.xcdatamodeld in Sources */,
				582A11071CFD1FC800BE7493 /* APIKeys.m in Sources */,
				340ED4401CFCE8B300609428 /* YelpClient.m in Sources */,
				773935A31CFE26470046ECEC /* HomeViewController.m in Sources */,
				342745DF1CFFD22A00CD2452 /* MNCCategory+CoreDataProperties.m in Sources */,
				772496241CFD15D200F7972B /* Image.m in Sources */,
				77B382991CFF582400FED4DC /* FilterView.m in Sources */,
				777B73A41CFFBFB300623DFE /* ContainerClassViewController.m in Sources */,
				77B535231CFCB99A004C0A5E /* AppDelegate.m in Sources */,
				582A10D41CFCDF1D00BE7493 /* RestaurantCardFactory.m in Sources */,
				34E8E4E61D00AC7100F9D306 /* Restaurant.m in Sources */,
				342745DE1CFFD22A00CD2452 /* Filter.m in Sources */,
				34E8E4E51D00AC7100F9D306 /* Restaurant+CoreDataProperties.m in Sources */,
				342745D41CFFC01500CD2452 /* TempRestaurant.m in Sources */,
				342745DD1CFFD22A00CD2452 /* Filter+CoreDataProperties.m in Sources */,
				342745E01CFFD22A00CD2452 /* MNCCategory.m in Sources */,
				7724961E1CFD15D200F7972B /* Deal.m in Sources */,
				7724961D1CFD15D200F7972B /* Deal+CoreDataProperties.m in Sources */,
				77B535201CFCB99A004C0A5E /* main.m in Sources */,
				342745B61CFF746B00CD2452 /* ParseData.swift in Sources */,
				772496201CFD15D200F7972B /* UserSettings.m in Sources */,
				7724961F1CFD15D200F7972B /* UserSettings+CoreDataProperties.m in Sources */,
				77AFACC71CFD7B4C001850AC /* MunchViewController.m in Sources */,
				777B73A11CFFA87400623DFE /* DetailViewController.m in Sources */,
			);
			runOnlyForDeploymentPostprocessing = 0;
		};
/* End PBXSourcesBuildPhase section */

/* Begin PBXVariantGroup section */
		77B535271CFCB99A004C0A5E /* Main.storyboard */ = {
			isa = PBXVariantGroup;
			children = (
				77B535281CFCB99A004C0A5E /* Base */,
			);
			name = Main.storyboard;
			sourceTree = "<group>";
		};
		77B5352F1CFCB99A004C0A5E /* LaunchScreen.storyboard */ = {
			isa = PBXVariantGroup;
			children = (
				77B535301CFCB99A004C0A5E /* Base */,
			);
			name = LaunchScreen.storyboard;
			sourceTree = "<group>";
		};
/* End PBXVariantGroup section */

/* Begin XCBuildConfiguration section */
		77B535331CFCB99A004C0A5E /* Debug */ = {
			isa = XCBuildConfiguration;
			buildSettings = {
				ALWAYS_SEARCH_USER_PATHS = NO;
				CLANG_ANALYZER_NONNULL = YES;
				CLANG_CXX_LANGUAGE_STANDARD = "gnu++0x";
				CLANG_CXX_LIBRARY = "libc++";
				CLANG_ENABLE_MODULES = YES;
				CLANG_ENABLE_OBJC_ARC = YES;
				CLANG_WARN_BOOL_CONVERSION = YES;
				CLANG_WARN_CONSTANT_CONVERSION = YES;
				CLANG_WARN_DIRECT_OBJC_ISA_USAGE = YES_ERROR;
				CLANG_WARN_EMPTY_BODY = YES;
				CLANG_WARN_ENUM_CONVERSION = YES;
				CLANG_WARN_INT_CONVERSION = YES;
				CLANG_WARN_OBJC_ROOT_CLASS = YES_ERROR;
				CLANG_WARN_UNREACHABLE_CODE = YES;
				CLANG_WARN__DUPLICATE_METHOD_MATCH = YES;
				"CODE_SIGN_IDENTITY[sdk=iphoneos*]" = "iPhone Developer";
				COPY_PHASE_STRIP = NO;
				DEBUG_INFORMATION_FORMAT = dwarf;
				ENABLE_STRICT_OBJC_MSGSEND = YES;
				ENABLE_TESTABILITY = YES;
				GCC_C_LANGUAGE_STANDARD = gnu99;
				GCC_DYNAMIC_NO_PIC = NO;
				GCC_NO_COMMON_BLOCKS = YES;
				GCC_OPTIMIZATION_LEVEL = 0;
				GCC_PREPROCESSOR_DEFINITIONS = (
					"DEBUG=1",
					"$(inherited)",
				);
				GCC_WARN_64_TO_32_BIT_CONVERSION = YES;
				GCC_WARN_ABOUT_RETURN_TYPE = YES_ERROR;
				GCC_WARN_UNDECLARED_SELECTOR = YES;
				GCC_WARN_UNINITIALIZED_AUTOS = YES_AGGRESSIVE;
				GCC_WARN_UNUSED_FUNCTION = YES;
				GCC_WARN_UNUSED_VARIABLE = YES;
				IPHONEOS_DEPLOYMENT_TARGET = 9.3;
				MTL_ENABLE_DEBUG_INFO = YES;
				ONLY_ACTIVE_ARCH = YES;
				SDKROOT = iphoneos;
			};
			name = Debug;
		};
		77B535341CFCB99A004C0A5E /* Release */ = {
			isa = XCBuildConfiguration;
			buildSettings = {
				ALWAYS_SEARCH_USER_PATHS = NO;
				CLANG_ANALYZER_NONNULL = YES;
				CLANG_CXX_LANGUAGE_STANDARD = "gnu++0x";
				CLANG_CXX_LIBRARY = "libc++";
				CLANG_ENABLE_MODULES = YES;
				CLANG_ENABLE_OBJC_ARC = YES;
				CLANG_WARN_BOOL_CONVERSION = YES;
				CLANG_WARN_CONSTANT_CONVERSION = YES;
				CLANG_WARN_DIRECT_OBJC_ISA_USAGE = YES_ERROR;
				CLANG_WARN_EMPTY_BODY = YES;
				CLANG_WARN_ENUM_CONVERSION = YES;
				CLANG_WARN_INT_CONVERSION = YES;
				CLANG_WARN_OBJC_ROOT_CLASS = YES_ERROR;
				CLANG_WARN_UNREACHABLE_CODE = YES;
				CLANG_WARN__DUPLICATE_METHOD_MATCH = YES;
				"CODE_SIGN_IDENTITY[sdk=iphoneos*]" = "iPhone Developer";
				COPY_PHASE_STRIP = NO;
				DEBUG_INFORMATION_FORMAT = "dwarf-with-dsym";
				ENABLE_NS_ASSERTIONS = NO;
				ENABLE_STRICT_OBJC_MSGSEND = YES;
				GCC_C_LANGUAGE_STANDARD = gnu99;
				GCC_NO_COMMON_BLOCKS = YES;
				GCC_WARN_64_TO_32_BIT_CONVERSION = YES;
				GCC_WARN_ABOUT_RETURN_TYPE = YES_ERROR;
				GCC_WARN_UNDECLARED_SELECTOR = YES;
				GCC_WARN_UNINITIALIZED_AUTOS = YES_AGGRESSIVE;
				GCC_WARN_UNUSED_FUNCTION = YES;
				GCC_WARN_UNUSED_VARIABLE = YES;
				IPHONEOS_DEPLOYMENT_TARGET = 9.3;
				MTL_ENABLE_DEBUG_INFO = NO;
				SDKROOT = iphoneos;
				VALIDATE_PRODUCT = YES;
			};
			name = Release;
		};
		77B535361CFCB99A004C0A5E /* Debug */ = {
			isa = XCBuildConfiguration;
			baseConfigurationReference = B1B63C3A3A0F20B9B59442EB /* Pods-Munch.debug.xcconfig */;
			buildSettings = {
				ASSETCATALOG_COMPILER_APPICON_NAME = AppIcon;
				CLANG_ALLOW_NON_MODULAR_INCLUDES_IN_FRAMEWORK_MODULES = YES;
				CLANG_ENABLE_MODULES = YES;
				CODE_SIGN_IDENTITY = "iPhone Developer";
				"CODE_SIGN_IDENTITY[sdk=iphoneos*]" = "iPhone Developer";
				FRAMEWORK_SEARCH_PATHS = (
					"$(inherited)",
					"$(PROJECT_DIR)",
				);
				INFOPLIST_FILE = Munch/Info.plist;
				LD_RUNPATH_SEARCH_PATHS = "$(inherited) @executable_path/Frameworks";
				PRODUCT_BUNDLE_IDENTIFIER = com.enochng.Munch;
				PRODUCT_NAME = "$(TARGET_NAME)";
				PROVISIONING_PROFILE = "";
				SWIFT_OBJC_BRIDGING_HEADER = "Munch/Munch-Bridging-Header.h";
				SWIFT_OPTIMIZATION_LEVEL = "-Onone";
			};
			name = Debug;
		};
		77B535371CFCB99A004C0A5E /* Release */ = {
			isa = XCBuildConfiguration;
			baseConfigurationReference = C75E06893D705B4BF4EF6DAD /* Pods-Munch.release.xcconfig */;
			buildSettings = {
				ASSETCATALOG_COMPILER_APPICON_NAME = AppIcon;
				CLANG_ALLOW_NON_MODULAR_INCLUDES_IN_FRAMEWORK_MODULES = YES;
				CLANG_ENABLE_MODULES = YES;
				CODE_SIGN_IDENTITY = "iPhone Developer";
				"CODE_SIGN_IDENTITY[sdk=iphoneos*]" = "iPhone Developer";
				FRAMEWORK_SEARCH_PATHS = (
					"$(inherited)",
					"$(PROJECT_DIR)",
				);
				INFOPLIST_FILE = Munch/Info.plist;
				LD_RUNPATH_SEARCH_PATHS = "$(inherited) @executable_path/Frameworks";
				PRODUCT_BUNDLE_IDENTIFIER = com.enochng.Munch;
				PRODUCT_NAME = "$(TARGET_NAME)";
				PROVISIONING_PROFILE = "";
				SWIFT_OBJC_BRIDGING_HEADER = "Munch/Munch-Bridging-Header.h";
			};
			name = Release;
		};
/* End XCBuildConfiguration section */

/* Begin XCConfigurationList section */
		77B535161CFCB99A004C0A5E /* Build configuration list for PBXProject "Munch" */ = {
			isa = XCConfigurationList;
			buildConfigurations = (
				77B535331CFCB99A004C0A5E /* Debug */,
				77B535341CFCB99A004C0A5E /* Release */,
			);
			defaultConfigurationIsVisible = 0;
			defaultConfigurationName = Release;
		};
		77B535351CFCB99A004C0A5E /* Build configuration list for PBXNativeTarget "Munch" */ = {
			isa = XCConfigurationList;
			buildConfigurations = (
				77B535361CFCB99A004C0A5E /* Debug */,
				77B535371CFCB99A004C0A5E /* Release */,
			);
			defaultConfigurationIsVisible = 0;
			defaultConfigurationName = Release;
		};
/* End XCConfigurationList section */

/* Begin XCVersionGroup section */
		77B5352A1CFCB99A004C0A5E /* Munch.xcdatamodeld */ = {
			isa = XCVersionGroup;
			children = (
				77B5352B1CFCB99A004C0A5E /* Munch.xcdatamodel */,
			);
			currentVersion = 77B5352B1CFCB99A004C0A5E /* Munch.xcdatamodel */;
			path = Munch.xcdatamodeld;
			sourceTree = "<group>";
			versionGroupType = wrapper.xcdatamodel;
		};
/* End XCVersionGroup section */
	};
	rootObject = 77B535131CFCB99A004C0A5E /* Project object */;
}
